
Microsoft Visual Studio Solution File, Format Version 12.00
# Visual Studio Version 17
VisualStudioVersion = 17.14.36429.23 d17.14
MinimumVisualStudioVersion = 10.0.40219.1
Project("{FAE04EC0-301F-11D3-BF4B-00C04F79EFBC}") = "LogsManagment", "LogsManagment\LogsManagment.csproj", "{FC6B8E13-ACB3-4B37-9847-4D09F2615F31}"
EndProject
Global
	GlobalSection(SolutionConfigurationPlatforms) = preSolution
		Debug|Any CPU = Debug|Any CPU
		Release|Any CPU = Release|Any CPU
	EndGlobalSection
	GlobalSection(ProjectConfigurationPlatforms) = postSolution
		{FC6B8E13-ACB3-4B37-9847-4D09F2615F31}.Debug|Any CPU.ActiveCfg = Debug|Any CPU
		{FC6B8E13-ACB3-4B37-9847-4D09F2615F31}.Debug|Any CPU.Build.0 = Debug|Any CPU
		{FC6B8E13-ACB3-4B37-9847-4D09F2615F31}.Release|Any CPU.ActiveCfg = Release|Any CPU
		{FC6B8E13-ACB3-4B37-9847-4D09F2615F31}.Release|Any CPU.Build.0 = Release|Any CPU
	EndGlobalSection
	GlobalSection(SolutionProperties) = preSolution
		HideSolutionNode = FALSE
	EndGlobalSection
	GlobalSection(ExtensibilityGlobals) = postSolution
		SolutionGuid = {DCA1F74F-4068-4EBA-8F8F-7F5E4EA13096}
	EndGlobalSection
EndGlobal
